
Microsoft Visual Studio Solution File, Format Version 12.00
# Visual Studio Version 17
VisualStudioVersion = 17.7.34024.191
MinimumVisualStudioVersion = 10.0.40219.1
Project("{FAE04EC0-301F-11D3-BF4B-00C04F79EFBC}") = "Lab12T1P2", "Lab12T1P2\Lab12T1P2.csproj", "{BC01D12C-C9B1-4CA1-B45A-C1FA5A5C04F5}"
EndProject
Global
	GlobalSection(SolutionConfigurationPlatforms) = preSolution
		Debug|Any CPU = Debug|Any CPU
		Release|Any CPU = Release|Any CPU
	EndGlobalSection
	GlobalSection(ProjectConfigurationPlatforms) = postSolution
		{BC01D12C-C9B1-4CA1-B45A-C1FA5A5C04F5}.Debug|Any CPU.ActiveCfg = Debug|Any CPU
		{BC01D12C-C9B1-4CA1-B45A-C1FA5A5C04F5}.Debug|Any CPU.Build.0 = Debug|Any CPU
		{BC01D12C-C9B1-4CA1-B45A-C1FA5A5C04F5}.Release|Any CPU.ActiveCfg = Release|Any CPU
		{BC01D12C-C9B1-4CA1-B45A-C1FA5A5C04F5}.Release|Any CPU.Build.0 = Release|Any CPU
	EndGlobalSection
	GlobalSection(SolutionProperties) = preSolution
		HideSolutionNode = FALSE
	EndGlobalSection
	GlobalSection(ExtensibilityGlobals) = postSolution
		SolutionGuid = {EA251902-E0F6-465E-97F0-27B9CD900040}
	EndGlobalSection
EndGlobal
